
Microsoft Visual Studio Solution File, Format Version 12.00
# Visual Studio Version 16
VisualStudioVersion = 16.0.30907.101
MinimumVisualStudioVersion = 15.0.26124.0
Project("{2150E333-8FDC-42A3-9474-1A3956D46DE8}") = "src", "src", "{B06372FF-08E2-47B1-9931-48E009F5CB72}"
EndProject
Project("{9A19103F-16F7-4668-BE54-9A1E7A4F7556}") = "rmbox", "src\rmbox\rmbox.csproj", "{AEBC8A41-4696-4667-887E-207F784E9E0F}"
EndProject
Project("{9A19103F-16F7-4668-BE54-9A1E7A4F7556}") = "rmbox-shell", "src\rmbox-shell\rmbox-shell.csproj", "{FE6F2A9E-EAB3-4315-8EE7-97BE7588231B}"
EndProject
Project("{2150E333-8FDC-42A3-9474-1A3956D46DE8}") = "test", "test", "{EE081F88-5FA4-462C-9F81-7C16A674E723}"
EndProject
Project("{9A19103F-16F7-4668-BE54-9A1E7A4F7556}") = "rmbox-test", "test\rmbox-test\rmbox-test.csproj", "{88CDEF19-471B-4F9C-BEF5-1AA99F4825B4}"
EndProject
Project("{2150E333-8FDC-42A3-9474-1A3956D46DE8}") = "build", "build", "{AB75494A-4EF1-4414-9D19-06A804BFAC47}"
EndProject
Project("{9A19103F-16F7-4668-BE54-9A1E7A4F7556}") = "rmbox-build", "build\rmbox-build.csproj", "{CB1E6F1A-A3C9-4CF1-97FA-ECDB6E43ACAF}"
EndProject
Project("{9A19103F-16F7-4668-BE54-9A1E7A4F7556}") = "rmbox-plugbase", "src\rmbox-plugbase\rmbox-plugbase.csproj", "{1AB82D09-98C4-4FCC-9CFD-0508EC9D9FBF}"
EndProject
Project("{2150E333-8FDC-42A3-9474-1A3956D46DE8}") = "plugins", "plugins", "{EABC8353-6E69-4C6B-899D-300C6B7E381C}"
EndProject
Project("{9A19103F-16F7-4668-BE54-9A1E7A4F7556}") = "plugin-common", "plugins\plugin-common\plugin-common.csproj", "{AFD7EB66-FBF2-4CAF-B036-CA681D9BD19E}"
EndProject
Project("{9A19103F-16F7-4668-BE54-9A1E7A4F7556}") = "plugin-ffmpeg", "plugins\plugin-ffmpeg\plugin-ffmpeg.csproj", "{A89E745C-5E16-4143-9794-C6D68F531A93}"
EndProject
Global
	GlobalSection(SolutionConfigurationPlatforms) = preSolution
		Debug|Any CPU = Debug|Any CPU
		Debug|x64 = Debug|x64
		Debug|x86 = Debug|x86
		Release|Any CPU = Release|Any CPU
		Release|x64 = Release|x64
		Release|x86 = Release|x86
	EndGlobalSection
	GlobalSection(ProjectConfigurationPlatforms) = postSolution
		{AEBC8A41-4696-4667-887E-207F784E9E0F}.Debug|Any CPU.ActiveCfg = Debug|Any CPU
		{AEBC8A41-4696-4667-887E-207F784E9E0F}.Debug|Any CPU.Build.0 = Debug|Any CPU
		{AEBC8A41-4696-4667-887E-207F784E9E0F}.Debug|x64.ActiveCfg = Debug|Any CPU
		{AEBC8A41-4696-4667-887E-207F784E9E0F}.Debug|x64.Build.0 = Debug|Any CPU
		{AEBC8A41-4696-4667-887E-207F784E9E0F}.Debug|x86.ActiveCfg = Debug|Any CPU
		{AEBC8A41-4696-4667-887E-207F784E9E0F}.Debug|x86.Build.0 = Debug|Any CPU
		{AEBC8A41-4696-4667-887E-207F784E9E0F}.Release|Any CPU.ActiveCfg = Release|Any CPU
		{AEBC8A41-4696-4667-887E-207F784E9E0F}.Release|Any CPU.Build.0 = Release|Any CPU
		{AEBC8A41-4696-4667-887E-207F784E9E0F}.Release|x64.ActiveCfg = Release|Any CPU
		{AEBC8A41-4696-4667-887E-207F784E9E0F}.Release|x64.Build.0 = Release|Any CPU
		{AEBC8A41-4696-4667-887E-207F784E9E0F}.Release|x86.ActiveCfg = Release|Any CPU
		{AEBC8A41-4696-4667-887E-207F784E9E0F}.Release|x86.Build.0 = Release|Any CPU
		{FE6F2A9E-EAB3-4315-8EE7-97BE7588231B}.Debug|Any CPU.ActiveCfg = Debug|Any CPU
		{FE6F2A9E-EAB3-4315-8EE7-97BE7588231B}.Debug|Any CPU.Build.0 = Debug|Any CPU
		{FE6F2A9E-EAB3-4315-8EE7-97BE7588231B}.Debug|x64.ActiveCfg = Debug|Any CPU
		{FE6F2A9E-EAB3-4315-8EE7-97BE7588231B}.Debug|x64.Build.0 = Debug|Any CPU
		{FE6F2A9E-EAB3-4315-8EE7-97BE7588231B}.Debug|x86.ActiveCfg = Debug|Any CPU
		{FE6F2A9E-EAB3-4315-8EE7-97BE7588231B}.Debug|x86.Build.0 = Debug|Any CPU
		{FE6F2A9E-EAB3-4315-8EE7-97BE7588231B}.Release|Any CPU.ActiveCfg = Release|Any CPU
		{FE6F2A9E-EAB3-4315-8EE7-97BE7588231B}.Release|Any CPU.Build.0 = Release|Any CPU
		{FE6F2A9E-EAB3-4315-8EE7-97BE7588231B}.Release|x64.ActiveCfg = Release|Any CPU
		{FE6F2A9E-EAB3-4315-8EE7-97BE7588231B}.Release|x64.Build.0 = Release|Any CPU
		{FE6F2A9E-EAB3-4315-8EE7-97BE7588231B}.Release|x86.ActiveCfg = Release|Any CPU
		{FE6F2A9E-EAB3-4315-8EE7-97BE7588231B}.Release|x86.Build.0 = Release|Any CPU
		{88CDEF19-471B-4F9C-BEF5-1AA99F4825B4}.Debug|Any CPU.ActiveCfg = Debug|Any CPU
		{88CDEF19-471B-4F9C-BEF5-1AA99F4825B4}.Debug|Any CPU.Build.0 = Debug|Any CPU
		{88CDEF19-471B-4F9C-BEF5-1AA99F4825B4}.Debug|x64.ActiveCfg = Debug|Any CPU
		{88CDEF19-471B-4F9C-BEF5-1AA99F4825B4}.Debug|x64.Build.0 = Debug|Any CPU
		{88CDEF19-471B-4F9C-BEF5-1AA99F4825B4}.Debug|x86.ActiveCfg = Debug|Any CPU
		{88CDEF19-471B-4F9C-BEF5-1AA99F4825B4}.Debug|x86.Build.0 = Debug|Any CPU
		{88CDEF19-471B-4F9C-BEF5-1AA99F4825B4}.Release|Any CPU.ActiveCfg = Release|Any CPU
		{88CDEF19-471B-4F9C-BEF5-1AA99F4825B4}.Release|Any CPU.Build.0 = Release|Any CPU
		{88CDEF19-471B-4F9C-BEF5-1AA99F4825B4}.Release|x64.ActiveCfg = Release|Any CPU
		{88CDEF19-471B-4F9C-BEF5-1AA99F4825B4}.Release|x64.Build.0 = Release|Any CPU
		{88CDEF19-471B-4F9C-BEF5-1AA99F4825B4}.Release|x86.ActiveCfg = Release|Any CPU
		{88CDEF19-471B-4F9C-BEF5-1AA99F4825B4}.Release|x86.Build.0 = Release|Any CPU
		{CB1E6F1A-A3C9-4CF1-97FA-ECDB6E43ACAF}.Debug|Any CPU.ActiveCfg = Debug|Any CPU
		{CB1E6F1A-A3C9-4CF1-97FA-ECDB6E43ACAF}.Debug|x64.ActiveCfg = Debug|Any CPU
		{CB1E6F1A-A3C9-4CF1-97FA-ECDB6E43ACAF}.Debug|x64.Build.0 = Debug|Any CPU
		{CB1E6F1A-A3C9-4CF1-97FA-ECDB6E43ACAF}.Debug|x86.ActiveCfg = Debug|Any CPU
		{CB1E6F1A-A3C9-4CF1-97FA-ECDB6E43ACAF}.Debug|x86.Build.0 = Debug|Any CPU
		{CB1E6F1A-A3C9-4CF1-97FA-ECDB6E43ACAF}.Release|Any CPU.ActiveCfg = Release|Any CPU
		{CB1E6F1A-A3C9-4CF1-97FA-ECDB6E43ACAF}.Release|x64.ActiveCfg = Release|Any CPU
		{CB1E6F1A-A3C9-4CF1-97FA-ECDB6E43ACAF}.Release|x64.Build.0 = Release|Any CPU
		{CB1E6F1A-A3C9-4CF1-97FA-ECDB6E43ACAF}.Release|x86.ActiveCfg = Release|Any CPU
		{CB1E6F1A-A3C9-4CF1-97FA-ECDB6E43ACAF}.Release|x86.Build.0 = Release|Any CPU
		{1AB82D09-98C4-4FCC-9CFD-0508EC9D9FBF}.Debug|Any CPU.ActiveCfg = Debug|Any CPU
		{1AB82D09-98C4-4FCC-9CFD-0508EC9D9FBF}.Debug|Any CPU.Build.0 = Debug|Any CPU
		{1AB82D09-98C4-4FCC-9CFD-0508EC9D9FBF}.Debug|x64.ActiveCfg = Debug|Any CPU
		{1AB82D09-98C4-4FCC-9CFD-0508EC9D9FBF}.Debug|x64.Build.0 = Debug|Any CPU
		{1AB82D09-98C4-4FCC-9CFD-0508EC9D9FBF}.Debug|x86.ActiveCfg = Debug|Any CPU
		{1AB82D09-98C4-4FCC-9CFD-0508EC9D9FBF}.Debug|x86.Build.0 = Debug|Any CPU
		{1AB82D09-98C4-4FCC-9CFD-0508EC9D9FBF}.Release|Any CPU.ActiveCfg = Release|Any CPU
		{1AB82D09-98C4-4FCC-9CFD-0508EC9D9FBF}.Release|Any CPU.Build.0 = Release|Any CPU
		{1AB82D09-98C4-4FCC-9CFD-0508EC9D9FBF}.Release|x64.ActiveCfg = Release|Any CPU
		{1AB82D09-98C4-4FCC-9CFD-0508EC9D9FBF}.Release|x64.Build.0 = Release|Any CPU
		{1AB82D09-98C4-4FCC-9CFD-0508EC9D9FBF}.Release|x86.ActiveCfg = Release|Any CPU
		{1AB82D09-98C4-4FCC-9CFD-0508EC9D9FBF}.Release|x86.Build.0 = Release|Any CPU
		{AFD7EB66-FBF2-4CAF-B036-CA681D9BD19E}.Debug|Any CPU.ActiveCfg = Debug|Any CPU
		{AFD7EB66-FBF2-4CAF-B036-CA681D9BD19E}.Debug|Any CPU.Build.0 = Debug|Any CPU
		{AFD7EB66-FBF2-4CAF-B036-CA681D9BD19E}.Debug|x64.ActiveCfg = Debug|Any CPU
		{AFD7EB66-FBF2-4CAF-B036-CA681D9BD19E}.Debug|x64.Build.0 = Debug|Any CPU
		{AFD7EB66-FBF2-4CAF-B036-CA681D9BD19E}.Debug|x86.ActiveCfg = Debug|Any CPU
		{AFD7EB66-FBF2-4CAF-B036-CA681D9BD19E}.Debug|x86.Build.0 = Debug|Any CPU
		{AFD7EB66-FBF2-4CAF-B036-CA681D9BD19E}.Release|Any CPU.ActiveCfg = Release|Any CPU
		{AFD7EB66-FBF2-4CAF-B036-CA681D9BD19E}.Release|Any CPU.Build.0 = Release|Any CPU
		{AFD7EB66-FBF2-4CAF-B036-CA681D9BD19E}.Release|x64.ActiveCfg = Release|Any CPU
		{AFD7EB66-FBF2-4CAF-B036-CA681D9BD19E}.Release|x64.Build.0 = Release|Any CPU
		{AFD7EB66-FBF2-4CAF-B036-CA681D9BD19E}.Release|x86.ActiveCfg = Release|Any CPU
		{AFD7EB66-FBF2-4CAF-B036-CA681D9BD19E}.Release|x86.Build.0 = Release|Any CPU
		{A89E745C-5E16-4143-9794-C6D68F531A93}.Debug|Any CPU.ActiveCfg = Debug|Any CPU
		{A89E745C-5E16-4143-9794-C6D68F531A93}.Debug|Any CPU.Build.0 = Debug|Any CPU
		{A89E745C-5E16-4143-9794-C6D68F531A93}.Debug|x64.ActiveCfg = Debug|Any CPU
		{A89E745C-5E16-4143-9794-C6D68F531A93}.Debug|x64.Build.0 = Debug|Any CPU
		{A89E745C-5E16-4143-9794-C6D68F531A93}.Debug|x86.ActiveCfg = Debug|Any CPU
		{A89E745C-5E16-4143-9794-C6D68F531A93}.Debug|x86.Build.0 = Debug|Any CPU
		{A89E745C-5E16-4143-9794-C6D68F531A93}.Release|Any CPU.ActiveCfg = Release|Any CPU
		{A89E745C-5E16-4143-9794-C6D68F531A93}.Release|Any CPU.Build.0 = Release|Any CPU
		{A89E745C-5E16-4143-9794-C6D68F531A93}.Release|x64.ActiveCfg = Release|Any CPU
		{A89E745C-5E16-4143-9794-C6D68F531A93}.Release|x64.Build.0 = Release|Any CPU
		{A89E745C-5E16-4143-9794-C6D68F531A93}.Release|x86.ActiveCfg = Release|Any CPU
		{A89E745C-5E16-4143-9794-C6D68F531A93}.Release|x86.Build.0 = Release|Any CPU
	EndGlobalSection
	GlobalSection(SolutionProperties) = preSolution
		HideSolutionNode = FALSE
	EndGlobalSection
	GlobalSection(NestedProjects) = preSolution
		{AEBC8A41-4696-4667-887E-207F784E9E0F} = {B06372FF-08E2-47B1-9931-48E009F5CB72}
		{FE6F2A9E-EAB3-4315-8EE7-97BE7588231B} = {B06372FF-08E2-47B1-9931-48E009F5CB72}
		{88CDEF19-471B-4F9C-BEF5-1AA99F4825B4} = {EE081F88-5FA4-462C-9F81-7C16A674E723}
		{CB1E6F1A-A3C9-4CF1-97FA-ECDB6E43ACAF} = {AB75494A-4EF1-4414-9D19-06A804BFAC47}
		{1AB82D09-98C4-4FCC-9CFD-0508EC9D9FBF} = {B06372FF-08E2-47B1-9931-48E009F5CB72}
		{AFD7EB66-FBF2-4CAF-B036-CA681D9BD19E} = {EABC8353-6E69-4C6B-899D-300C6B7E381C}
		{A89E745C-5E16-4143-9794-C6D68F531A93} = {EABC8353-6E69-4C6B-899D-300C6B7E381C}
	EndGlobalSection
	GlobalSection(ExtensibilityGlobals) = postSolution
		SolutionGuid = {5576A6E2-8C31-4AAA-A8C7-378AC3335E0B}
	EndGlobalSection
EndGlobal
